github.com/google/go-cmp v0.6.0 h1:ofyhxvXcZhMsU5ulbFiLKl/XBFqE1GSq7atu8tAmTRI=
github.com/google/go-cmp v0.6.0/go.mod h1:17dUlkBOakJ0+DkrSSNjCkIjxS6bF9zb3elmeNGIjoY=
github.com/luraproject/lura/v2 v2.9.0 h1:JeqlrUz0wM4ITVHOtEaFJ5sS6TW25/lTDmMCsQUY44U=
github.com/luraproject/lura/v2 v2.9.0/go.mod h1:pJQDsCSSrE5udlzkLvUnFkdrqeQ+jDO1ZIzsx6jgLtk=
google.golang.org/protobuf v1.36.3 h1:82DV7MYdb8anAVi3qge1wSnMDrnKK7ebr+I0hHRN1BU=
google.golang.org/protobuf v1.36.3/go.mod h1:9fA7Ob0pmnwhb644+1+CVWFRbNajQ6iRojtC/QF5bRE=
